
Microsoft Visual Studio Solution File, Format Version 11.00
# Visual Studio 2010
Project("{FAE04EC0-301F-11D3-BF4B-00C04F79EFBC}") = "BudgetApp.WebUI", "BudgetApp\BudgetApp.WebUI.csproj", "{2B02B08E-FE5E-4A7B-9ABD-52A5A0115F65}"
EndProject
Project("{FAE04EC0-301F-11D3-BF4B-00C04F79EFBC}") = "BudgetApp.Tests", "BudgetApp.Tests\BudgetApp.Tests.csproj", "{87837961-53D4-47FC-811F-A47A45837DA5}"
EndProject
Project("{FAE04EC0-301F-11D3-BF4B-00C04F79EFBC}") = "BudgetApp.Domain", "BudgetApp.Domain\BudgetApp.Domain.csproj", "{37787377-3EB2-4DEF-935F-A9C9518CBAAF}"
EndProject
Global
	GlobalSection(SolutionConfigurationPlatforms) = preSolution
		Debug|Any CPU = Debug|Any CPU
		Release|Any CPU = Release|Any CPU
	EndGlobalSection
	GlobalSection(ProjectConfigurationPlatforms) = postSolution
		{2B02B08E-FE5E-4A7B-9ABD-52A5A0115F65}.Debug|Any CPU.ActiveCfg = Debug|Any CPU
		{2B02B08E-FE5E-4A7B-9ABD-52A5A0115F65}.Debug|Any CPU.Build.0 = Debug|Any CPU
		{2B02B08E-FE5E-4A7B-9ABD-52A5A0115F65}.Release|Any CPU.ActiveCfg = Release|Any CPU
		{2B02B08E-FE5E-4A7B-9ABD-52A5A0115F65}.Release|Any CPU.Build.0 = Release|Any CPU
		{87837961-53D4-47FC-811F-A47A45837DA5}.Debug|Any CPU.ActiveCfg = Debug|Any CPU
		{87837961-53D4-47FC-811F-A47A45837DA5}.Debug|Any CPU.Build.0 = Debug|Any CPU
		{87837961-53D4-47FC-811F-A47A45837DA5}.Release|Any CPU.ActiveCfg = Release|Any CPU
		{87837961-53D4-47FC-811F-A47A45837DA5}.Release|Any CPU.Build.0 = Release|Any CPU
		{37787377-3EB2-4DEF-935F-A9C9518CBAAF}.Debug|Any CPU.ActiveCfg = Debug|Any CPU
		{37787377-3EB2-4DEF-935F-A9C9518CBAAF}.Debug|Any CPU.Build.0 = Debug|Any CPU
		{37787377-3EB2-4DEF-935F-A9C9518CBAAF}.Release|Any CPU.ActiveCfg = Release|Any CPU
		{37787377-3EB2-4DEF-935F-A9C9518CBAAF}.Release|Any CPU.Build.0 = Release|Any CPU
	EndGlobalSection
	GlobalSection(SolutionProperties) = preSolution
		HideSolutionNode = FALSE
	EndGlobalSection
EndGlobal
